
Microsoft Visual Studio Solution File, Format Version 12.00
# Visual Studio Version 16
VisualStudioVersion = 16.0.31205.134
MinimumVisualStudioVersion = 10.0.40219.1
Project("{FAE04EC0-301F-11D3-BF4B-00C04F79EFBC}") = "AzureArtifactDownloader", "AzureArtifactDownloader\AzureArtifactDownloader.csproj", "{94260AFB-DA1B-4608-A710-7D9556E33018}"
EndProject
Global
	GlobalSection(SolutionConfigurationPlatforms) = preSolution
		Debug|Any CPU = Debug|Any CPU
		Release|Any CPU = Release|Any CPU
	EndGlobalSection
	GlobalSection(ProjectConfigurationPlatforms) = postSolution
		{94260AFB-DA1B-4608-A710-7D9556E33018}.Debug|Any CPU.ActiveCfg = Debug|Any CPU
		{94260AFB-DA1B-4608-A710-7D9556E33018}.Debug|Any CPU.Build.0 = Debug|Any CPU
		{94260AFB-DA1B-4608-A710-7D9556E33018}.Release|Any CPU.ActiveCfg = Release|Any CPU
		{94260AFB-DA1B-4608-A710-7D9556E33018}.Release|Any CPU.Build.0 = Release|Any CPU
	EndGlobalSection
	GlobalSection(SolutionProperties) = preSolution
		HideSolutionNode = FALSE
	EndGlobalSection
	GlobalSection(ExtensibilityGlobals) = postSolution
		SolutionGuid = {B752BE17-1287-47FA-A10E-AB071BA0A6B7}
	EndGlobalSection
EndGlobal
